
Microsoft Visual Studio Solution File, Format Version 12.00
# Visual Studio 15
VisualStudioVersion = 15.0.27130.2027
MinimumVisualStudioVersion = 10.0.40219.1
Project("{FAE04EC0-301F-11D3-BF4B-00C04F79EFBC}") = "MilesToKilometres", "MilesToKilometres\MilesToKilometres.csproj", "{FFA96860-7ABF-4DAC-A8EF-4C36ABAB33A1}"
EndProject
Global
	GlobalSection(SolutionConfigurationPlatforms) = preSolution
		Debug|Any CPU = Debug|Any CPU
		Release|Any CPU = Release|Any CPU
	EndGlobalSection
	GlobalSection(ProjectConfigurationPlatforms) = postSolution
		{FFA96860-7ABF-4DAC-A8EF-4C36ABAB33A1}.Debug|Any CPU.ActiveCfg = Debug|Any CPU
		{FFA96860-7ABF-4DAC-A8EF-4C36ABAB33A1}.Debug|Any CPU.Build.0 = Debug|Any CPU
		{FFA96860-7ABF-4DAC-A8EF-4C36ABAB33A1}.Release|Any CPU.ActiveCfg = Release|Any CPU
		{FFA96860-7ABF-4DAC-A8EF-4C36ABAB33A1}.Release|Any CPU.Build.0 = Release|Any CPU
	EndGlobalSection
	GlobalSection(SolutionProperties) = preSolution
		HideSolutionNode = FALSE
	EndGlobalSection
	GlobalSection(ExtensibilityGlobals) = postSolution
		SolutionGuid = {9E41A9D5-D300-4068-82CC-4C271B4F8670}
	EndGlobalSection
EndGlobal
